
Microsoft Visual Studio Solution File, Format Version 12.00
Project("{FAE04EC0-301F-11D3-BF4B-00C04F79EFBC}") = "SOLID", "SOLID\SOLID.csproj", "{BBB047C5-4C7C-439B-8CD3-5F2CE3AD182D}"
EndProject
Global
	GlobalSection(SolutionConfigurationPlatforms) = preSolution
		Debug|Any CPU = Debug|Any CPU
		Release|Any CPU = Release|Any CPU
	EndGlobalSection
	GlobalSection(ProjectConfigurationPlatforms) = postSolution
		{BBB047C5-4C7C-439B-8CD3-5F2CE3AD182D}.Debug|Any CPU.ActiveCfg = Debug|Any CPU
		{BBB047C5-4C7C-439B-8CD3-5F2CE3AD182D}.Debug|Any CPU.Build.0 = Debug|Any CPU
		{BBB047C5-4C7C-439B-8CD3-5F2CE3AD182D}.Release|Any CPU.ActiveCfg = Release|Any CPU
		{BBB047C5-4C7C-439B-8CD3-5F2CE3AD182D}.Release|Any CPU.Build.0 = Release|Any CPU
	EndGlobalSection
EndGlobal
